
Microsoft Visual Studio Solution File, Format Version 12.00
# Visual Studio Version 17
VisualStudioVersion = 17.14.36518.9 d17.14
MinimumVisualStudioVersion = 10.0.40219.1
Project("{D2ABAB84-BF74-430A-B69E-9DC6D40DDA17}") = "doan_Olap_ssas", "doan_Olap_ssas\doan_Olap_ssas.dwproj", "{DE8A51D0-589C-CD0B-4900-F190F297E314}"
EndProject
Global
	GlobalSection(SolutionConfigurationPlatforms) = preSolution
		Development|Default = Development|Default
	EndGlobalSection
	GlobalSection(ProjectConfigurationPlatforms) = postSolution
		{DE8A51D0-589C-CD0B-4900-F190F297E314}.Development|Default.ActiveCfg = Development
		{DE8A51D0-589C-CD0B-4900-F190F297E314}.Development|Default.Build.0 = Development
		{DE8A51D0-589C-CD0B-4900-F190F297E314}.Development|Default.Deploy.0 = Development
	EndGlobalSection
	GlobalSection(SolutionProperties) = preSolution
		HideSolutionNode = FALSE
	EndGlobalSection
	GlobalSection(ExtensibilityGlobals) = postSolution
		SolutionGuid = {F672BF73-1045-4AEC-93A5-541ECC3628DC}
	EndGlobalSection
EndGlobal
